# THIS IS AN AUTOGENERATED FILE. DO NOT EDIT THIS FILE DIRECTLY.
# yarn lockfile v1


"@types/google.visualization@0.0.43":
  version "0.0.43"
  resolved "https://registry.yarnpkg.com/@types/google.visualization/-/google.visualization-0.0.43.tgz#d4172f94292b68a49a5666033386ce177f0ead9d"
  integrity sha512-SmQWGJ4UykOzChj+AVo5JB8vC0hDnI3hUT6auRD34mnyO/s9ll1i4cT1hSmng3ZXbxG7qAdOctNElOpD9xqJZQ==

angular-google-charts@^0.1.4:
  version "0.1.4"
  resolved "https://registry.yarnpkg.com/angular-google-charts/-/angular-google-charts-0.1.4.tgz#2ae6b682eb2740635517547d7f1b000b9773a80d"
  integrity sha512-TR66xZek9ALjSGQrMBRu4PUKkxPstIfQuY2Z8B8DJ0rvAT2Tyos3nrp81bwP0fpv9PGQOZPzw9JaknNMUQMlsg==
  dependencies:
    "@types/google.visualization" "0.0.43"
    tslib "^1.9.0"

tslib@^1.9.0:
  version "1.9.3"
  resolved "https://registry.yarnpkg.com/tslib/-/tslib-1.9.3.tgz#d7e4dd79245d85428c4d7e4822a79917954ca286"
  integrity sha512-4krF8scpejhaOgqzBEcGM7yDIEfi0/8+8zDRZhNZZ2kjmHJ4hv3zCbQWxoJGz1iw5U0Jl0nma13xzHXcncMavQ==
